
Microsoft Visual Studio Solution File, Format Version 12.00
# Visual Studio Version 17
VisualStudioVersion = 17.9.34622.214
MinimumVisualStudioVersion = 10.0.40219.1
Project("{FAE04EC0-301F-11D3-BF4B-00C04F79EFBC}") = "RectangleAssignment2", "RectangleAssignment2.csproj", "{2369FA55-4441-49A3-A91E-6526CECE103A}"
EndProject
Global
	GlobalSection(SolutionConfigurationPlatforms) = preSolution
		Debug|Any CPU = Debug|Any CPU
		Release|Any CPU = Release|Any CPU
	EndGlobalSection
	GlobalSection(ProjectConfigurationPlatforms) = postSolution
		{2369FA55-4441-49A3-A91E-6526CECE103A}.Debug|Any CPU.ActiveCfg = Debug|Any CPU
		{2369FA55-4441-49A3-A91E-6526CECE103A}.Debug|Any CPU.Build.0 = Debug|Any CPU
		{2369FA55-4441-49A3-A91E-6526CECE103A}.Release|Any CPU.ActiveCfg = Release|Any CPU
		{2369FA55-4441-49A3-A91E-6526CECE103A}.Release|Any CPU.Build.0 = Release|Any CPU
	EndGlobalSection
	GlobalSection(SolutionProperties) = preSolution
		HideSolutionNode = FALSE
	EndGlobalSection
	GlobalSection(ExtensibilityGlobals) = postSolution
		SolutionGuid = {D0DB9D6F-0A5B-4307-B40F-6B0BB01375D0}
	EndGlobalSection
EndGlobal
